
Microsoft Visual Studio Solution File, Format Version 12.00
# Visual Studio Version 17
VisualStudioVersion = 17.3.32825.248
MinimumVisualStudioVersion = 10.0.40219.1
Project("{2150E333-8FDC-42A3-9474-1A3956D46DE8}") = "Doc", "Doc", "{391F1105-84AF-4348-AB70-473D6B6D2DA2}"
	ProjectSection(SolutionItems) = preProject
		Doc\Samples.txt = Doc\Samples.txt
	EndProjectSection
EndProject
Project("{2150E333-8FDC-42A3-9474-1A3956D46DE8}") = "Nupkg", "Nupkg", "{FF1F7609-0C99-45E4-91AB-7CEC486F8EB9}"
EndProject
Project("{2150E333-8FDC-42A3-9474-1A3956D46DE8}") = "Samples", "Samples", "{F08CCB58-455F-4C05-96FB-1AD9DCC32795}"
EndProject
Project("{2150E333-8FDC-42A3-9474-1A3956D46DE8}") = "Src", "Src", "{476CD54E-22FE-4EE6-9B1A-8DDBA3025AD2}"
EndProject
Project("{2150E333-8FDC-42A3-9474-1A3956D46DE8}") = "Autofac.Engine", "Autofac.Engine", "{DD7740E4-EBB9-4B73-B9A8-DB1CB33BF037}"
EndProject
Project("{2150E333-8FDC-42A3-9474-1A3956D46DE8}") = "Tests", "Tests", "{1F61DAD4-8B88-4E2C-97FB-BCACC34F301E}"
EndProject
Project("{9A19103F-16F7-4668-BE54-9A1E7A4F7556}") = "Autofac.Engine", "Src\Autofac.Engine\Autofac.Engine\Autofac.Engine.csproj", "{671CF186-AA5D-461B-84B3-05016F061EEF}"
EndProject
Project("{2150E333-8FDC-42A3-9474-1A3956D46DE8}") = "Web", "Web", "{43724964-F226-43A0-9862-DBF7EB1508E8}"
EndProject
Project("{2150E333-8FDC-42A3-9474-1A3956D46DE8}") = "Libraries", "Libraries", "{11021029-DDFD-4722-90C7-6762407295CA}"
EndProject
Project("{9A19103F-16F7-4668-BE54-9A1E7A4F7556}") = "MSSurfing.Services", "Samples\Libraries\MSSurfing.Services\MSSurfing.Services.csproj", "{6DFE6016-2E34-4689-B18B-7EE565808D59}"
EndProject
Project("{9A19103F-16F7-4668-BE54-9A1E7A4F7556}") = "MSSurfing.WebApi.Core", "Samples\Web\MSSurfing.WebApi.Core\MSSurfing.WebApi.Core.csproj", "{7CE0FC97-2C53-4FBB-90D1-E466DEFE1B56}"
EndProject
Project("{2150E333-8FDC-42A3-9474-1A3956D46DE8}") = "Plugins", "Plugins", "{4EB3F665-8B86-4C0C-A93A-B3E4931650EB}"
EndProject
Project("{9A19103F-16F7-4668-BE54-9A1E7A4F7556}") = "MicroServices.Alipay.Plugins", "Samples\Plugins\MicroServices.Alipay.Plugins\MicroServices.Alipay.Plugins.csproj", "{830EA57B-A92A-4616-8BD9-52C652AF83D8}"
EndProject
Project("{9A19103F-16F7-4668-BE54-9A1E7A4F7556}") = "MSSurfing.Sdk.Plugins", "Samples\Plugins\MSSurfing.Sdk.Plugins\MSSurfing.Sdk.Plugins.csproj", "{AFE68886-8540-4F3B-A612-B107D15EA13D}"
EndProject
Project("{2150E333-8FDC-42A3-9474-1A3956D46DE8}") = "XConsoles", "XConsoles", "{FE33A213-4D5B-4D08-92D4-5BF46CD7F9F8}"
EndProject
Project("{9A19103F-16F7-4668-BE54-9A1E7A4F7556}") = "MSSurfing.ThriftServer.Core", "Samples\XConsoles\MSSurfing.ThriftServer\MSSurfing.ThriftServer.Core.csproj", "{BB6E4DEB-A63B-48D7-907A-104DDF767B97}"
EndProject
Project("{9A19103F-16F7-4668-BE54-9A1E7A4F7556}") = "MSSurfing.CodeBuilder", "Samples\Libraries\MSSurfing.CodeBuilder\MSSurfing.CodeBuilder.csproj", "{FEA564D0-68E5-417E-9C01-29DDA764EC39}"
EndProject
Project("{9A19103F-16F7-4668-BE54-9A1E7A4F7556}") = "MSSurfing.WebApi.Core30", "Samples\Web\MSSurfing.WebApi.Core30\MSSurfing.WebApi.Core30.csproj", "{7A214239-E46D-4C9F-BD4A-D169C31BE239}"
EndProject
Project("{9A19103F-16F7-4668-BE54-9A1E7A4F7556}") = "MSSurfing.NRpcServer.Core30", "Samples\XConsoles\MSSurfing.NRpcServer.Core30\MSSurfing.NRpcServer.Core30.csproj", "{017BC4C1-CF79-4BC4-BEDA-A53D1A1EBE87}"
EndProject
Project("{2150E333-8FDC-42A3-9474-1A3956D46DE8}") = "ServiceProvider", "ServiceProvider", "{D5C97F22-3EC9-4752-82E6-291635F7941A}"
EndProject
Project("{FAE04EC0-301F-11D3-BF4B-00C04F79EFBC}") = "IoC.ServiceProvider", "Src\ServiceProvider\IoC.ServiceProvider\IoC.ServiceProvider.csproj", "{88294C11-5755-4971-AC43-4FE4FD698449}"
EndProject
Global
	GlobalSection(SolutionConfigurationPlatforms) = preSolution
		Debug|Any CPU = Debug|Any CPU
		Release|Any CPU = Release|Any CPU
	EndGlobalSection
	GlobalSection(ProjectConfigurationPlatforms) = postSolution
		{671CF186-AA5D-461B-84B3-05016F061EEF}.Debug|Any CPU.ActiveCfg = Debug|Any CPU
		{671CF186-AA5D-461B-84B3-05016F061EEF}.Debug|Any CPU.Build.0 = Debug|Any CPU
		{671CF186-AA5D-461B-84B3-05016F061EEF}.Release|Any CPU.ActiveCfg = Release|Any CPU
		{671CF186-AA5D-461B-84B3-05016F061EEF}.Release|Any CPU.Build.0 = Release|Any CPU
		{6DFE6016-2E34-4689-B18B-7EE565808D59}.Debug|Any CPU.ActiveCfg = Debug|Any CPU
		{6DFE6016-2E34-4689-B18B-7EE565808D59}.Debug|Any CPU.Build.0 = Debug|Any CPU
		{6DFE6016-2E34-4689-B18B-7EE565808D59}.Release|Any CPU.ActiveCfg = Release|Any CPU
		{6DFE6016-2E34-4689-B18B-7EE565808D59}.Release|Any CPU.Build.0 = Release|Any CPU
		{7CE0FC97-2C53-4FBB-90D1-E466DEFE1B56}.Debug|Any CPU.ActiveCfg = Debug|Any CPU
		{7CE0FC97-2C53-4FBB-90D1-E466DEFE1B56}.Debug|Any CPU.Build.0 = Debug|Any CPU
		{7CE0FC97-2C53-4FBB-90D1-E466DEFE1B56}.Release|Any CPU.ActiveCfg = Release|Any CPU
		{7CE0FC97-2C53-4FBB-90D1-E466DEFE1B56}.Release|Any CPU.Build.0 = Release|Any CPU
		{830EA57B-A92A-4616-8BD9-52C652AF83D8}.Debug|Any CPU.ActiveCfg = Debug|Any CPU
		{830EA57B-A92A-4616-8BD9-52C652AF83D8}.Debug|Any CPU.Build.0 = Debug|Any CPU
		{830EA57B-A92A-4616-8BD9-52C652AF83D8}.Release|Any CPU.ActiveCfg = Release|Any CPU
		{830EA57B-A92A-4616-8BD9-52C652AF83D8}.Release|Any CPU.Build.0 = Release|Any CPU
		{AFE68886-8540-4F3B-A612-B107D15EA13D}.Debug|Any CPU.ActiveCfg = Debug|Any CPU
		{AFE68886-8540-4F3B-A612-B107D15EA13D}.Debug|Any CPU.Build.0 = Debug|Any CPU
		{AFE68886-8540-4F3B-A612-B107D15EA13D}.Release|Any CPU.ActiveCfg = Release|Any CPU
		{AFE68886-8540-4F3B-A612-B107D15EA13D}.Release|Any CPU.Build.0 = Release|Any CPU
		{BB6E4DEB-A63B-48D7-907A-104DDF767B97}.Debug|Any CPU.ActiveCfg = Debug|Any CPU
		{BB6E4DEB-A63B-48D7-907A-104DDF767B97}.Debug|Any CPU.Build.0 = Debug|Any CPU
		{BB6E4DEB-A63B-48D7-907A-104DDF767B97}.Release|Any CPU.ActiveCfg = Release|Any CPU
		{BB6E4DEB-A63B-48D7-907A-104DDF767B97}.Release|Any CPU.Build.0 = Release|Any CPU
		{FEA564D0-68E5-417E-9C01-29DDA764EC39}.Debug|Any CPU.ActiveCfg = Debug|Any CPU
		{FEA564D0-68E5-417E-9C01-29DDA764EC39}.Debug|Any CPU.Build.0 = Debug|Any CPU
		{FEA564D0-68E5-417E-9C01-29DDA764EC39}.Release|Any CPU.ActiveCfg = Release|Any CPU
		{FEA564D0-68E5-417E-9C01-29DDA764EC39}.Release|Any CPU.Build.0 = Release|Any CPU
		{7A214239-E46D-4C9F-BD4A-D169C31BE239}.Debug|Any CPU.ActiveCfg = Debug|Any CPU
		{7A214239-E46D-4C9F-BD4A-D169C31BE239}.Debug|Any CPU.Build.0 = Debug|Any CPU
		{7A214239-E46D-4C9F-BD4A-D169C31BE239}.Release|Any CPU.ActiveCfg = Release|Any CPU
		{7A214239-E46D-4C9F-BD4A-D169C31BE239}.Release|Any CPU.Build.0 = Release|Any CPU
		{017BC4C1-CF79-4BC4-BEDA-A53D1A1EBE87}.Debug|Any CPU.ActiveCfg = Debug|Any CPU
		{017BC4C1-CF79-4BC4-BEDA-A53D1A1EBE87}.Debug|Any CPU.Build.0 = Debug|Any CPU
		{017BC4C1-CF79-4BC4-BEDA-A53D1A1EBE87}.Release|Any CPU.ActiveCfg = Release|Any CPU
		{017BC4C1-CF79-4BC4-BEDA-A53D1A1EBE87}.Release|Any CPU.Build.0 = Release|Any CPU
		{88294C11-5755-4971-AC43-4FE4FD698449}.Debug|Any CPU.ActiveCfg = Debug|Any CPU
		{88294C11-5755-4971-AC43-4FE4FD698449}.Debug|Any CPU.Build.0 = Debug|Any CPU
		{88294C11-5755-4971-AC43-4FE4FD698449}.Release|Any CPU.ActiveCfg = Release|Any CPU
		{88294C11-5755-4971-AC43-4FE4FD698449}.Release|Any CPU.Build.0 = Release|Any CPU
	EndGlobalSection
	GlobalSection(SolutionProperties) = preSolution
		HideSolutionNode = FALSE
	EndGlobalSection
	GlobalSection(NestedProjects) = preSolution
		{DD7740E4-EBB9-4B73-B9A8-DB1CB33BF037} = {476CD54E-22FE-4EE6-9B1A-8DDBA3025AD2}
		{1F61DAD4-8B88-4E2C-97FB-BCACC34F301E} = {476CD54E-22FE-4EE6-9B1A-8DDBA3025AD2}
		{671CF186-AA5D-461B-84B3-05016F061EEF} = {DD7740E4-EBB9-4B73-B9A8-DB1CB33BF037}
		{43724964-F226-43A0-9862-DBF7EB1508E8} = {F08CCB58-455F-4C05-96FB-1AD9DCC32795}
		{11021029-DDFD-4722-90C7-6762407295CA} = {F08CCB58-455F-4C05-96FB-1AD9DCC32795}
		{6DFE6016-2E34-4689-B18B-7EE565808D59} = {11021029-DDFD-4722-90C7-6762407295CA}
		{7CE0FC97-2C53-4FBB-90D1-E466DEFE1B56} = {43724964-F226-43A0-9862-DBF7EB1508E8}
		{4EB3F665-8B86-4C0C-A93A-B3E4931650EB} = {F08CCB58-455F-4C05-96FB-1AD9DCC32795}
		{830EA57B-A92A-4616-8BD9-52C652AF83D8} = {4EB3F665-8B86-4C0C-A93A-B3E4931650EB}
		{AFE68886-8540-4F3B-A612-B107D15EA13D} = {4EB3F665-8B86-4C0C-A93A-B3E4931650EB}
		{FE33A213-4D5B-4D08-92D4-5BF46CD7F9F8} = {F08CCB58-455F-4C05-96FB-1AD9DCC32795}
		{BB6E4DEB-A63B-48D7-907A-104DDF767B97} = {FE33A213-4D5B-4D08-92D4-5BF46CD7F9F8}
		{FEA564D0-68E5-417E-9C01-29DDA764EC39} = {11021029-DDFD-4722-90C7-6762407295CA}
		{7A214239-E46D-4C9F-BD4A-D169C31BE239} = {43724964-F226-43A0-9862-DBF7EB1508E8}
		{017BC4C1-CF79-4BC4-BEDA-A53D1A1EBE87} = {FE33A213-4D5B-4D08-92D4-5BF46CD7F9F8}
		{D5C97F22-3EC9-4752-82E6-291635F7941A} = {476CD54E-22FE-4EE6-9B1A-8DDBA3025AD2}
		{88294C11-5755-4971-AC43-4FE4FD698449} = {D5C97F22-3EC9-4752-82E6-291635F7941A}
	EndGlobalSection
	GlobalSection(ExtensibilityGlobals) = postSolution
		SolutionGuid = {E728BACF-60E2-42D2-BB31-428685388808}
	EndGlobalSection
EndGlobal
